
Microsoft Visual Studio Solution File, Format Version 12.00
# Visual Studio Version 17
VisualStudioVersion = 17.0.31903.59
MinimumVisualStudioVersion = 10.0.40219.1
Project("{9A19103F-16F7-4668-BE54-9A1E7A4F7556}") = "Black.Beard.Jslt", "Black.Beard.Jslt\Black.Beard.Jslt.csproj", "{B901CA29-56B9-42A8-9234-BA5F41F58EDB}"
EndProject
Project("{9A19103F-16F7-4668-BE54-9A1E7A4F7556}") = "Black.Beard.Jslt.UnitTests", "Black.Beard.Jslt.UnitTests\Black.Beard.Jslt.UnitTests.csproj", "{CBEB0DAC-ED05-4AA7-BA98-8EA64014F1F7}"
EndProject
Project("{9A19103F-16F7-4668-BE54-9A1E7A4F7556}") = "Black.Beard.Json", "Black.Beard.Json\Black.Beard.Json.csproj", "{AE3F64C5-BD49-4925-91C0-304734C92EB6}"
EndProject
Project("{9A19103F-16F7-4668-BE54-9A1E7A4F7556}") = "Black.Beard.JsltEvaluator", "Black.Beard.JsltEvaluator\Black.Beard.JsltEvaluator.csproj", "{AD2F2F62-55DF-468B-B8AC-EA44A5D64702}"
EndProject
Project("{9A19103F-16F7-4668-BE54-9A1E7A4F7556}") = "Black.Beard.Jslt.Services", "Black.Beard.Jslt.Services\Black.Beard.Jslt.Services.csproj", "{95F6A45E-62D9-436B-9767-C13396659357}"
EndProject
Project("{9A19103F-16F7-4668-BE54-9A1E7A4F7556}") = "Black.Beard.Elasticsearch", "Black.Beard.Elasticsearch\Black.Beard.Elasticsearch.csproj", "{B34D4F20-21DD-45F7-A720-958EF69384DE}"
EndProject
Project("{2150E333-8FDC-42A3-9474-1A3956D46DE8}") = "Solution Items", "Solution Items", "{F4F3EC60-D90A-4902-8103-7CBC47A99ED5}"
	ProjectSection(SolutionItems) = preProject
		..\Documentation\Custom_services.md = ..\Documentation\Custom_services.md
		..\Documentation\Format_DateTime.md = ..\Documentation\Format_DateTime.md
		..\Documentation\Format_double.md = ..\Documentation\Format_double.md
		..\Documentation\Format_Guid.md = ..\Documentation\Format_Guid.md
		..\Documentation\Format_integer.md = ..\Documentation\Format_integer.md
		..\Documentation\Format_Timespan.md = ..\Documentation\Format_Timespan.md
		..\Documentation\JsltLexer.rrd.html = ..\Documentation\JsltLexer.rrd.html
		..\Documentation\JsltParser.rrd.html = ..\Documentation\JsltParser.rrd.html
		..\Documentation\jsonexcutable.md = ..\Documentation\jsonexcutable.md
		..\Documentation\jsonpath.md = ..\Documentation\jsonpath.md
		..\LICENSE = ..\LICENSE
		..\README.md = ..\README.md
		..\RefreshCode.bat = ..\RefreshCode.bat
	EndProjectSection
EndProject
Project("{FAE04EC0-301F-11D3-BF4B-00C04F79EFBC}") = "ScintillaNET", "ScintillaNET\ScintillaNET.csproj", "{22AE2386-60F1-476E-9303-61CDB0AAC4CF}"
EndProject
Project("{FAE04EC0-301F-11D3-BF4B-00C04F79EFBC}") = "Black.Beard.Jslt.Intellisense", "Black.Beard.Jslt.Intellisense\Black.Beard.Jslt.Intellisense.csproj", "{930D9FBE-770C-4FDB-9BAF-BF335B97F2DC}"
EndProject
Global
	GlobalSection(SolutionConfigurationPlatforms) = preSolution
		Debug|Any CPU = Debug|Any CPU
		Release|Any CPU = Release|Any CPU
		Signed|Any CPU = Signed|Any CPU
	EndGlobalSection
	GlobalSection(ProjectConfigurationPlatforms) = postSolution
		{B901CA29-56B9-42A8-9234-BA5F41F58EDB}.Debug|Any CPU.ActiveCfg = Debug|Any CPU
		{B901CA29-56B9-42A8-9234-BA5F41F58EDB}.Debug|Any CPU.Build.0 = Debug|Any CPU
		{B901CA29-56B9-42A8-9234-BA5F41F58EDB}.Release|Any CPU.ActiveCfg = Release|Any CPU
		{B901CA29-56B9-42A8-9234-BA5F41F58EDB}.Release|Any CPU.Build.0 = Release|Any CPU
		{B901CA29-56B9-42A8-9234-BA5F41F58EDB}.Signed|Any CPU.ActiveCfg = Release|Any CPU
		{B901CA29-56B9-42A8-9234-BA5F41F58EDB}.Signed|Any CPU.Build.0 = Release|Any CPU
		{CBEB0DAC-ED05-4AA7-BA98-8EA64014F1F7}.Debug|Any CPU.ActiveCfg = Debug|Any CPU
		{CBEB0DAC-ED05-4AA7-BA98-8EA64014F1F7}.Debug|Any CPU.Build.0 = Debug|Any CPU
		{CBEB0DAC-ED05-4AA7-BA98-8EA64014F1F7}.Release|Any CPU.ActiveCfg = Release|Any CPU
		{CBEB0DAC-ED05-4AA7-BA98-8EA64014F1F7}.Release|Any CPU.Build.0 = Release|Any CPU
		{CBEB0DAC-ED05-4AA7-BA98-8EA64014F1F7}.Signed|Any CPU.ActiveCfg = Release|Any CPU
		{CBEB0DAC-ED05-4AA7-BA98-8EA64014F1F7}.Signed|Any CPU.Build.0 = Release|Any CPU
		{AE3F64C5-BD49-4925-91C0-304734C92EB6}.Debug|Any CPU.ActiveCfg = Debug|Any CPU
		{AE3F64C5-BD49-4925-91C0-304734C92EB6}.Debug|Any CPU.Build.0 = Debug|Any CPU
		{AE3F64C5-BD49-4925-91C0-304734C92EB6}.Release|Any CPU.ActiveCfg = Release|Any CPU
		{AE3F64C5-BD49-4925-91C0-304734C92EB6}.Release|Any CPU.Build.0 = Release|Any CPU
		{AE3F64C5-BD49-4925-91C0-304734C92EB6}.Signed|Any CPU.ActiveCfg = Release|Any CPU
		{AE3F64C5-BD49-4925-91C0-304734C92EB6}.Signed|Any CPU.Build.0 = Release|Any CPU
		{AD2F2F62-55DF-468B-B8AC-EA44A5D64702}.Debug|Any CPU.ActiveCfg = Debug|Any CPU
		{AD2F2F62-55DF-468B-B8AC-EA44A5D64702}.Debug|Any CPU.Build.0 = Debug|Any CPU
		{AD2F2F62-55DF-468B-B8AC-EA44A5D64702}.Release|Any CPU.ActiveCfg = Release|Any CPU
		{AD2F2F62-55DF-468B-B8AC-EA44A5D64702}.Release|Any CPU.Build.0 = Release|Any CPU
		{AD2F2F62-55DF-468B-B8AC-EA44A5D64702}.Signed|Any CPU.ActiveCfg = Release|Any CPU
		{AD2F2F62-55DF-468B-B8AC-EA44A5D64702}.Signed|Any CPU.Build.0 = Release|Any CPU
		{95F6A45E-62D9-436B-9767-C13396659357}.Debug|Any CPU.ActiveCfg = Debug|Any CPU
		{95F6A45E-62D9-436B-9767-C13396659357}.Debug|Any CPU.Build.0 = Debug|Any CPU
		{95F6A45E-62D9-436B-9767-C13396659357}.Release|Any CPU.ActiveCfg = Release|Any CPU
		{95F6A45E-62D9-436B-9767-C13396659357}.Release|Any CPU.Build.0 = Release|Any CPU
		{95F6A45E-62D9-436B-9767-C13396659357}.Signed|Any CPU.ActiveCfg = Release|Any CPU
		{95F6A45E-62D9-436B-9767-C13396659357}.Signed|Any CPU.Build.0 = Release|Any CPU
		{B34D4F20-21DD-45F7-A720-958EF69384DE}.Debug|Any CPU.ActiveCfg = Debug|Any CPU
		{B34D4F20-21DD-45F7-A720-958EF69384DE}.Debug|Any CPU.Build.0 = Debug|Any CPU
		{B34D4F20-21DD-45F7-A720-958EF69384DE}.Release|Any CPU.ActiveCfg = Release|Any CPU
		{B34D4F20-21DD-45F7-A720-958EF69384DE}.Release|Any CPU.Build.0 = Release|Any CPU
		{B34D4F20-21DD-45F7-A720-958EF69384DE}.Signed|Any CPU.ActiveCfg = Release|Any CPU
		{B34D4F20-21DD-45F7-A720-958EF69384DE}.Signed|Any CPU.Build.0 = Release|Any CPU
		{22AE2386-60F1-476E-9303-61CDB0AAC4CF}.Debug|Any CPU.ActiveCfg = Debug|Any CPU
		{22AE2386-60F1-476E-9303-61CDB0AAC4CF}.Debug|Any CPU.Build.0 = Debug|Any CPU
		{22AE2386-60F1-476E-9303-61CDB0AAC4CF}.Release|Any CPU.ActiveCfg = Release|Any CPU
		{22AE2386-60F1-476E-9303-61CDB0AAC4CF}.Release|Any CPU.Build.0 = Release|Any CPU
		{22AE2386-60F1-476E-9303-61CDB0AAC4CF}.Signed|Any CPU.ActiveCfg = Signed|Any CPU
		{22AE2386-60F1-476E-9303-61CDB0AAC4CF}.Signed|Any CPU.Build.0 = Signed|Any CPU
		{930D9FBE-770C-4FDB-9BAF-BF335B97F2DC}.Debug|Any CPU.ActiveCfg = Debug|Any CPU
		{930D9FBE-770C-4FDB-9BAF-BF335B97F2DC}.Debug|Any CPU.Build.0 = Debug|Any CPU
		{930D9FBE-770C-4FDB-9BAF-BF335B97F2DC}.Release|Any CPU.ActiveCfg = Release|Any CPU
		{930D9FBE-770C-4FDB-9BAF-BF335B97F2DC}.Release|Any CPU.Build.0 = Release|Any CPU
		{930D9FBE-770C-4FDB-9BAF-BF335B97F2DC}.Signed|Any CPU.ActiveCfg = Debug|Any CPU
		{930D9FBE-770C-4FDB-9BAF-BF335B97F2DC}.Signed|Any CPU.Build.0 = Debug|Any CPU
	EndGlobalSection
	GlobalSection(SolutionProperties) = preSolution
		HideSolutionNode = FALSE
	EndGlobalSection
	GlobalSection(ExtensibilityGlobals) = postSolution
		SolutionGuid = {8EAE07F2-1EA4-4F97-A026-0B180053A8F7}
	EndGlobalSection
EndGlobal
