
Microsoft Visual Studio Solution File, Format Version 12.00
# Visual Studio Version 16
VisualStudioVersion = 16.0.31205.134
MinimumVisualStudioVersion = 10.0.40219.1
Project("{9A19103F-16F7-4668-BE54-9A1E7A4F7556}") = "Black.Beard.Jslt", "Black.Beard.Jslt\Black.Beard.Jslt.csproj", "{B901CA29-56B9-42A8-9234-BA5F41F58EDB}"
EndProject
Project("{9A19103F-16F7-4668-BE54-9A1E7A4F7556}") = "Black.Beard.Jslt.UnitTests", "Black.Beard.Jslt.UnitTests\Black.Beard.Jslt.UnitTests.csproj", "{CBEB0DAC-ED05-4AA7-BA98-8EA64014F1F7}"
EndProject
Project("{9A19103F-16F7-4668-BE54-9A1E7A4F7556}") = "Black.Beard.Expressions", "..\..\Black.Beard.Expressions\Src\Black.Beard.Expressions\Black.Beard.Expressions.csproj", "{39FDBC46-2105-4724-AB5B-43589BAA2ECF}"
EndProject
Global
	GlobalSection(SolutionConfigurationPlatforms) = preSolution
		Debug|Any CPU = Debug|Any CPU
		Release|Any CPU = Release|Any CPU
	EndGlobalSection
	GlobalSection(ProjectConfigurationPlatforms) = postSolution
		{B901CA29-56B9-42A8-9234-BA5F41F58EDB}.Debug|Any CPU.ActiveCfg = Debug|Any CPU
		{B901CA29-56B9-42A8-9234-BA5F41F58EDB}.Debug|Any CPU.Build.0 = Debug|Any CPU
		{B901CA29-56B9-42A8-9234-BA5F41F58EDB}.Release|Any CPU.ActiveCfg = Release|Any CPU
		{B901CA29-56B9-42A8-9234-BA5F41F58EDB}.Release|Any CPU.Build.0 = Release|Any CPU
		{CBEB0DAC-ED05-4AA7-BA98-8EA64014F1F7}.Debug|Any CPU.ActiveCfg = Debug|Any CPU
		{CBEB0DAC-ED05-4AA7-BA98-8EA64014F1F7}.Debug|Any CPU.Build.0 = Debug|Any CPU
		{CBEB0DAC-ED05-4AA7-BA98-8EA64014F1F7}.Release|Any CPU.ActiveCfg = Release|Any CPU
		{CBEB0DAC-ED05-4AA7-BA98-8EA64014F1F7}.Release|Any CPU.Build.0 = Release|Any CPU
		{39FDBC46-2105-4724-AB5B-43589BAA2ECF}.Debug|Any CPU.ActiveCfg = Debug|Any CPU
		{39FDBC46-2105-4724-AB5B-43589BAA2ECF}.Debug|Any CPU.Build.0 = Debug|Any CPU
		{39FDBC46-2105-4724-AB5B-43589BAA2ECF}.Release|Any CPU.ActiveCfg = Release|Any CPU
		{39FDBC46-2105-4724-AB5B-43589BAA2ECF}.Release|Any CPU.Build.0 = Release|Any CPU
	EndGlobalSection
	GlobalSection(SolutionProperties) = preSolution
		HideSolutionNode = FALSE
	EndGlobalSection
	GlobalSection(ExtensibilityGlobals) = postSolution
		SolutionGuid = {8EAE07F2-1EA4-4F97-A026-0B180053A8F7}
	EndGlobalSection
EndGlobal
